Microsoft Visual Studio Solution File, Format Version 12.00
# Visual Studio Version 18
VisualStudioVersion = 18.3.11512.155 d18.3
MinimumVisualStudioVersion = 10.0.40219.1
Project("{FAE04EC0-301F-11D3-BF4B-00C04F79EFBC}") = "VisoBath", "VisoBath.csproj", "{871645C2-B5A1-484D-B1D0-59C4F47CAE54}"
EndProject
Global
	GlobalSection(SolutionConfigurationPlatforms) = preSolution
		Debug|Any CPU = Debug|Any CPU
		Release|Any CPU = Release|Any CPU
	EndGlobalSection
	GlobalSection(ProjectConfigurationPlatforms) = postSolution
		{871645C2-B5A1-484D-B1D0-59C4F47CAE54}.Debug|Any CPU.ActiveCfg = Debug|Any CPU
		{871645C2-B5A1-484D-B1D0-59C4F47CAE54}.Debug|Any CPU.Build.0 = Debug|Any CPU
		{871645C2-B5A1-484D-B1D0-59C4F47CAE54}.Release|Any CPU.ActiveCfg = Release|Any CPU
		{871645C2-B5A1-484D-B1D0-59C4F47CAE54}.Release|Any CPU.Build.0 = Release|Any CPU
	EndGlobalSection
	GlobalSection(SolutionProperties) = preSolution
		HideSolutionNode = FALSE
	EndGlobalSection
	GlobalSection(ExtensibilityGlobals) = postSolution
		SolutionGuid = {2B9E061A-3906-4C91-9218-EA6DDC8FA9B0}
	EndGlobalSection
EndGlobal
